
Microsoft Visual Studio Solution File, Format Version 12.00
# Visual Studio Version 17
VisualStudioVersion = 17.2.32630.192
MinimumVisualStudioVersion = 10.0.40219.1
Project("{FAE04EC0-301F-11D3-BF4B-00C04F79EFBC}") = "avilot.Android", "avilot\avilot.Android\avilot.Android.csproj", "{537E6DBA-5AAB-4F15-A9F9-CC7D1D83625B}"
EndProject
Project("{FAE04EC0-301F-11D3-BF4B-00C04F79EFBC}") = "avilot.iOS", "avilot\avilot.iOS\avilot.iOS.csproj", "{4DD57E73-49CA-4A8D-8BBF-84271ED4B0B2}"
EndProject
Project("{FAE04EC0-301F-11D3-BF4B-00C04F79EFBC}") = "avilot", "avilot\avilot\avilot.csproj", "{FB943214-30CA-462A-8ED4-C926D1B3A368}"
EndProject
Global
	GlobalSection(SolutionConfigurationPlatforms) = preSolution
		Debug|Any CPU = Debug|Any CPU
		Debug|iPhone = Debug|iPhone
		Debug|iPhoneSimulator = Debug|iPhoneSimulator
		Release|Any CPU = Release|Any CPU
		Release|iPhone = Release|iPhone
		Release|iPhoneSimulator = Release|iPhoneSimulator
	EndGlobalSection
	GlobalSection(ProjectConfigurationPlatforms) = postSolution
		{537E6DBA-5AAB-4F15-A9F9-CC7D1D83625B}.Debug|Any CPU.ActiveCfg = Debug|Any CPU
		{537E6DBA-5AAB-4F15-A9F9-CC7D1D83625B}.Debug|Any CPU.Build.0 = Debug|Any CPU
		{537E6DBA-5AAB-4F15-A9F9-CC7D1D83625B}.Debug|Any CPU.Deploy.0 = Debug|Any CPU
		{537E6DBA-5AAB-4F15-A9F9-CC7D1D83625B}.Debug|iPhone.ActiveCfg = Debug|Any CPU
		{537E6DBA-5AAB-4F15-A9F9-CC7D1D83625B}.Debug|iPhone.Build.0 = Debug|Any CPU
		{537E6DBA-5AAB-4F15-A9F9-CC7D1D83625B}.Debug|iPhone.Deploy.0 = Debug|Any CPU
		{537E6DBA-5AAB-4F15-A9F9-CC7D1D83625B}.Debug|iPhoneSimulator.ActiveCfg = Debug|Any CPU
		{537E6DBA-5AAB-4F15-A9F9-CC7D1D83625B}.Debug|iPhoneSimulator.Build.0 = Debug|Any CPU
		{537E6DBA-5AAB-4F15-A9F9-CC7D1D83625B}.Debug|iPhoneSimulator.Deploy.0 = Debug|Any CPU
		{537E6DBA-5AAB-4F15-A9F9-CC7D1D83625B}.Release|Any CPU.ActiveCfg = Release|Any CPU
		{537E6DBA-5AAB-4F15-A9F9-CC7D1D83625B}.Release|Any CPU.Build.0 = Release|Any CPU
		{537E6DBA-5AAB-4F15-A9F9-CC7D1D83625B}.Release|Any CPU.Deploy.0 = Release|Any CPU
		{537E6DBA-5AAB-4F15-A9F9-CC7D1D83625B}.Release|iPhone.ActiveCfg = Release|Any CPU
		{537E6DBA-5AAB-4F15-A9F9-CC7D1D83625B}.Release|iPhone.Build.0 = Release|Any CPU
		{537E6DBA-5AAB-4F15-A9F9-CC7D1D83625B}.Release|iPhone.Deploy.0 = Release|Any CPU
		{537E6DBA-5AAB-4F15-A9F9-CC7D1D83625B}.Release|iPhoneSimulator.ActiveCfg = Release|Any CPU
		{537E6DBA-5AAB-4F15-A9F9-CC7D1D83625B}.Release|iPhoneSimulator.Build.0 = Release|Any CPU
		{537E6DBA-5AAB-4F15-A9F9-CC7D1D83625B}.Release|iPhoneSimulator.Deploy.0 = Release|Any CPU
		{4DD57E73-49CA-4A8D-8BBF-84271ED4B0B2}.Debug|Any CPU.ActiveCfg = Debug|iPhone
		{4DD57E73-49CA-4A8D-8BBF-84271ED4B0B2}.Debug|Any CPU.Build.0 = Debug|iPhone
		{4DD57E73-49CA-4A8D-8BBF-84271ED4B0B2}.Debug|Any CPU.Deploy.0 = Debug|iPhone
		{4DD57E73-49CA-4A8D-8BBF-84271ED4B0B2}.Debug|iPhone.ActiveCfg = Debug|iPhone
		{4DD57E73-49CA-4A8D-8BBF-84271ED4B0B2}.Debug|iPhone.Build.0 = Debug|iPhone
		{4DD57E73-49CA-4A8D-8BBF-84271ED4B0B2}.Debug|iPhone.Deploy.0 = Debug|iPhone
		{4DD57E73-49CA-4A8D-8BBF-84271ED4B0B2}.Debug|iPhoneSimulator.ActiveCfg = Debug|iPhoneSimulator
		{4DD57E73-49CA-4A8D-8BBF-84271ED4B0B2}.Debug|iPhoneSimulator.Build.0 = Debug|iPhoneSimulator
		{4DD57E73-49CA-4A8D-8BBF-84271ED4B0B2}.Debug|iPhoneSimulator.Deploy.0 = Debug|iPhoneSimulator
		{4DD57E73-49CA-4A8D-8BBF-84271ED4B0B2}.Release|Any CPU.ActiveCfg = Release|iPhoneSimulator
		{4DD57E73-49CA-4A8D-8BBF-84271ED4B0B2}.Release|Any CPU.Build.0 = Release|iPhoneSimulator
		{4DD57E73-49CA-4A8D-8BBF-84271ED4B0B2}.Release|Any CPU.Deploy.0 = Release|iPhoneSimulator
		{4DD57E73-49CA-4A8D-8BBF-84271ED4B0B2}.Release|iPhone.ActiveCfg = Release|iPhone
		{4DD57E73-49CA-4A8D-8BBF-84271ED4B0B2}.Release|iPhone.Build.0 = Release|iPhone
		{4DD57E73-49CA-4A8D-8BBF-84271ED4B0B2}.Release|iPhone.Deploy.0 = Release|iPhone
		{4DD57E73-49CA-4A8D-8BBF-84271ED4B0B2}.Release|iPhoneSimulator.ActiveCfg = Release|iPhoneSimulator
		{4DD57E73-49CA-4A8D-8BBF-84271ED4B0B2}.Release|iPhoneSimulator.Build.0 = Release|iPhoneSimulator
		{4DD57E73-49CA-4A8D-8BBF-84271ED4B0B2}.Release|iPhoneSimulator.Deploy.0 = Release|iPhoneSimulator
		{FB943214-30CA-462A-8ED4-C926D1B3A368}.Debug|Any CPU.ActiveCfg = Debug|Any CPU
		{FB943214-30CA-462A-8ED4-C926D1B3A368}.Debug|Any CPU.Build.0 = Debug|Any CPU
		{FB943214-30CA-462A-8ED4-C926D1B3A368}.Debug|Any CPU.Deploy.0 = Debug|Any CPU
		{FB943214-30CA-462A-8ED4-C926D1B3A368}.Debug|iPhone.ActiveCfg = Debug|Any CPU
		{FB943214-30CA-462A-8ED4-C926D1B3A368}.Debug|iPhone.Build.0 = Debug|Any CPU
		{FB943214-30CA-462A-8ED4-C926D1B3A368}.Debug|iPhone.Deploy.0 = Debug|Any CPU
		{FB943214-30CA-462A-8ED4-C926D1B3A368}.Debug|iPhoneSimulator.ActiveCfg = Debug|Any CPU
		{FB943214-30CA-462A-8ED4-C926D1B3A368}.Debug|iPhoneSimulator.Build.0 = Debug|Any CPU
		{FB943214-30CA-462A-8ED4-C926D1B3A368}.Debug|iPhoneSimulator.Deploy.0 = Debug|Any CPU
		{FB943214-30CA-462A-8ED4-C926D1B3A368}.Release|Any CPU.ActiveCfg = Release|Any CPU
		{FB943214-30CA-462A-8ED4-C926D1B3A368}.Release|Any CPU.Build.0 = Release|Any CPU
		{FB943214-30CA-462A-8ED4-C926D1B3A368}.Release|Any CPU.Deploy.0 = Release|Any CPU
		{FB943214-30CA-462A-8ED4-C926D1B3A368}.Release|iPhone.ActiveCfg = Release|Any CPU
		{FB943214-30CA-462A-8ED4-C926D1B3A368}.Release|iPhone.Build.0 = Release|Any CPU
		{FB943214-30CA-462A-8ED4-C926D1B3A368}.Release|iPhone.Deploy.0 = Release|Any CPU
		{FB943214-30CA-462A-8ED4-C926D1B3A368}.Release|iPhoneSimulator.ActiveCfg = Release|Any CPU
		{FB943214-30CA-462A-8ED4-C926D1B3A368}.Release|iPhoneSimulator.Build.0 = Release|Any CPU
		{FB943214-30CA-462A-8ED4-C926D1B3A368}.Release|iPhoneSimulator.Deploy.0 = Release|Any CPU
	EndGlobalSection
	GlobalSection(SolutionProperties) = preSolution
		HideSolutionNode = FALSE
	EndGlobalSection
	GlobalSection(ExtensibilityGlobals) = postSolution
		SolutionGuid = {A7AFF0F3-5360-44A2-8CC4-8B7D0F92A99E}
	EndGlobalSection
EndGlobal
